// !$*UTF8*$!
{
	archiveVersion = 1;
	classes = {
	};
	objectVersion = 46;
	objects = {

/* Begin PBXBuildFile section */
		095255791E0AC9DF00A4229B /* OpenGL.framework in Frameworks */ = {isa = PBXBuildFile; fileRef = 095255781E0AC9DF00A4229B /* OpenGL.framework */; };
		0952557B1E0AC9EF00A4229B /* libGLEW.2.0.0.dylib in Frameworks */ = {isa = PBXBuildFile; fileRef = 0952557A1E0AC9EF00A4229B /* libGLEW.2.0.0.dylib */; };
		0952557D1E0AC9FD00A4229B /* libglfw3.3.2.dylib in Frameworks */ = {isa = PBXBuildFile; fileRef = 0952557C1E0AC9FD00A4229B /* libglfw3.3.2.dylib */; };
		0952557F1E0ACB1C00A4229B /* libSOIL.dylib in Frameworks */ = {isa = PBXBuildFile; fileRef = 0952557E1E0ACB1C00A4229B /* libSOIL.dylib */; };
		095255811E0AD2A200A4229B /* asteroid_field.cpp in Sources */ = {isa = PBXBuildFile; fileRef = 095255801E0AD2A200A4229B /* asteroid_field.cpp */; };
		095255831E0AD51300A4229B /* libassimp.3.3.1.dylib in Frameworks */ = {isa = PBXBuildFile; fileRef = 095255821E0AD51300A4229B /* libassimp.3.3.1.dylib */; };
/* End PBXBuildFile section */

/* Begin PBXCopyFilesBuildPhase section */
		0952556C1E0AC97800A4229B /* CopyFiles */ = {
			isa = PBXCopyFilesBuildPhase;
			buildActionMask = 2147483647;
			dstPath = /usr/share/man/man1/;
			dstSubfolderSpec = 0;
			files = (
			);
			runOnlyForDeploymentPostprocessing = 1;
		};
/* End PBXCopyFilesBuildPhase section */

/* Begin PBXFileReference section */
		0952556E1E0AC97800A4229B /* TutorialInstancing */ = {isa = PBXFileReference; explicitFileType = "compiled.mach-o.executable"; includeInIndex = 0; path = TutorialInstancing; sourceTree = BUILT_PRODUCTS_DIR; };
		095255781E0AC9DF00A4229B /* OpenGL.framework */ = {isa = PBXFileReference; lastKnownFileType = wrapper.framework; name = OpenGL.framework; path = System/Library/Frameworks/OpenGL.framework; sourceTree = SDKROOT; };
		0952557A1E0AC9EF00A4229B /* libGLEW.2.0.0.dylib */ = {isa = PBXFileReference; lastKnownFileType = "compiled.mach-o.dylib"; name = libGLEW.2.0.0.dylib; path = ../../../../../../usr/local/Cellar/glew/2.0.0/lib/libGLEW.2.0.0.dylib; sourceTree = "<group>"; };
		0952557C1E0AC9FD00A4229B /* libglfw3.3.2.dylib */ = {isa = PBXFileReference; lastKnownFileType = "compiled.mach-o.dylib"; name = libglfw3.3.2.dylib; path = ../../../../../../usr/local/Cellar/glfw3/3.2.1/lib/libglfw3.3.2.dylib; sourceTree = "<group>"; };
		0952557E1E0ACB1C00A4229B /* libSOIL.dylib */ = {isa = PBXFileReference; lastKnownFileType = "compiled.mach-o.dylib"; name = libSOIL.dylib; path = ../../../../../../opt/local/lib/libSOIL.dylib; sourceTree = "<group>"; };
		095255801E0AD2A200A4229B /* asteroid_field.cpp */ = {isa = PBXFileReference; fileEncoding = 4; lastKnownFileType = sourcecode.cpp.cpp; path = asteroid_field.cpp; sourceTree = "<group>"; };
		095255821E0AD51300A4229B /* libassimp.3.3.1.dylib */ = {isa = PBXFileReference; lastKnownFileType = "compiled.mach-o.dylib"; name = libassimp.3.3.1.dylib; path = ../../../../../../usr/local/Cellar/assimp/3.3.1/lib/libassimp.3.3.1.dylib; sourceTree = "<group>"; };
/* End PBXFileReference section */

/* Begin PBXFrameworksBuildPhase section */
		0952556B1E0AC97800A4229B /* Frameworks */ = {
			isa = PBXFrameworksBuildPhase;
			buildActionMask = 2147483647;
			files = (
				095255831E0AD51300A4229B /* libassimp.3.3.1.dylib in Frameworks */,
				0952557F1E0ACB1C00A4229B /* libSOIL.dylib in Frameworks */,
				0952557D1E0AC9FD00A4229B /* libglfw3.3.2.dylib in Frameworks */,
				0952557B1E0AC9EF00A4229B /* libGLEW.2.0.0.dylib in Frameworks */,
				095255791E0AC9DF00A4229B /* OpenGL.framework in Frameworks */,
			);
			runOnlyForDeploymentPostprocessing = 0;
		};
/* End PBXFrameworksBuildPhase section */

/* Begin PBXGroup section */
		095255651E0AC97800A4229B = {
			isa = PBXGroup;
			children = (
				095255821E0AD51300A4229B /* libassimp.3.3.1.dylib */,
				0952557E1E0ACB1C00A4229B /* libSOIL.dylib */,
				0952557C1E0AC9FD00A4229B /* libglfw3.3.2.dylib */,
				0952557A1E0AC9EF00A4229B /* libGLEW.2.0.0.dylib */,
				095255781E0AC9DF00A4229B /* OpenGL.framework */,
				095255701E0AC97800A4229B /* TutorialInstancing */,
				0952556F1E0AC97800A4229B /* Products */,
			);
			sourceTree = "<group>";
		};
		0952556F1E0AC97800A4229B /* Products */ = {
			isa = PBXGroup;
			children = (
				0952556E1E0AC97800A4229B /* TutorialInstancing */,
			);
			name = Products;
			sourceTree = "<group>";
		};
		095255701E0AC97800A4229B /* TutorialInstancing */ = {
			isa = PBXGroup;
			children = (
				095255801E0AD2A200A4229B /* asteroid_field.cpp */,
			);
			path = TutorialInstancing;
			sourceTree = "<group>";
		};
/* End PBXGroup section */

/* Begin PBXNativeTarget section */
		0952556D1E0AC97800A4229B /* TutorialInstancing */ = {
			isa = PBXNativeTarget;
			buildConfigurationList = 095255751E0AC97800A4229B /* Build configuration list for PBXNativeTarget "TutorialInstancing" */;
			buildPhases = (
				0952556A1E0AC97800A4229B /* Sources */,
				0952556B1E0AC97800A4229B /* Frameworks */,
				0952556C1E0AC97800A4229B /* CopyFiles */,
			);
			buildRules = (
			);
			dependencies = (
			);
			name = TutorialInstancing;
			productName = TutorialInstancing;
			productReference = 0952556E1E0AC97800A4229B /* TutorialInstancing */;
			productType = "com.apple.product-type.tool";
		};
/* End PBXNativeTarget section */

/* Begin PBXProject section */
		095255661E0AC97800A4229B /* Project object */ = {
			isa = PBXProject;
			attributes = {
				LastUpgradeCheck = 0730;
				ORGANIZATIONNAME = "梅宇宸";
				TargetAttributes = {
					0952556D1E0AC97800A4229B = {
						CreatedOnToolsVersion = 7.3.1;
					};
				};
			};
			buildConfigurationList = 095255691E0AC97800A4229B /* Build configuration list for PBXProject "TutorialInstancing" */;
			compatibilityVersion = "Xcode 3.2";
			developmentRegion = English;
			hasScannedForEncodings = 0;
			knownRegions = (
				en,
			);
			mainGroup = 095255651E0AC97800A4229B;
			productRefGroup = 0952556F1E0AC97800A4229B /* Products */;
			projectDirPath = "";
			projectRoot = "";
			targets = (
				0952556D1E0AC97800A4229B /* TutorialInstancing */,
			);
		};
/* End PBXProject section */

/* Begin PBXSourcesBuildPhase section */
		0952556A1E0AC97800A4229B /* Sources */ = {
			isa = PBXSourcesBuildPhase;
			buildActionMask = 2147483647;
			files = (
				095255811E0AD2A200A4229B /* asteroid_field.cpp in Sources */,
			);
			runOnlyForDeploymentPostprocessing = 0;
		};
/* End PBXSourcesBuildPhase section */

/* Begin XCBuildConfiguration section */
		095255731E0AC97800A4229B /* Debug */ = {
			isa = XCBuildConfiguration;
			buildSettings = {
				ALWAYS_SEARCH_USER_PATHS = NO;
				CLANG_ANALYZER_NONNULL = YES;
				CLANG_CXX_LANGUAGE_STANDARD = "gnu++0x";
				CLANG_CXX_LIBRARY = "libc++";
				CLANG_ENABLE_MODULES = YES;
				CLANG_ENABLE_OBJC_ARC = YES;
				CLANG_WARN_BOOL_CONVERSION = YES;
				CLANG_WARN_CONSTANT_CONVERSION = YES;
				CLANG_WARN_DIRECT_OBJC_ISA_USAGE = YES_ERROR;
				CLANG_WARN_EMPTY_BODY = YES;
				CLANG_WARN_ENUM_CONVERSION = YES;
				CLANG_WARN_INT_CONVERSION = YES;
				CLANG_WARN_OBJC_ROOT_CLASS = YES_ERROR;
				CLANG_WARN_UNREACHABLE_CODE = YES;
				CLANG_WARN__DUPLICATE_METHOD_MATCH = YES;
				CODE_SIGN_IDENTITY = "-";
				COPY_PHASE_STRIP = NO;
				DEBUG_INFORMATION_FORMAT = dwarf;
				ENABLE_STRICT_OBJC_MSGSEND = YES;
				ENABLE_TESTABILITY = YES;
				GCC_C_LANGUAGE_STANDARD = gnu99;
				GCC_DYNAMIC_NO_PIC = NO;
				GCC_NO_COMMON_BLOCKS = YES;
				GCC_OPTIMIZATION_LEVEL = 0;
				GCC_PREPROCESSOR_DEFINITIONS = (
					"DEBUG=1",
					"$(inherited)",
				);
				GCC_WARN_64_TO_32_BIT_CONVERSION = YES;
				GCC_WARN_ABOUT_RETURN_TYPE = YES_ERROR;
				GCC_WARN_UNDECLARED_SELECTOR = YES;
				GCC_WARN_UNINITIALIZED_AUTOS = YES_AGGRESSIVE;
				GCC_WARN_UNUSED_FUNCTION = YES;
				GCC_WARN_UNUSED_VARIABLE = YES;
				MACOSX_DEPLOYMENT_TARGET = 10.11;
				MTL_ENABLE_DEBUG_INFO = YES;
				ONLY_ACTIVE_ARCH = YES;
				SDKROOT = macosx;
			};
			name = Debug;
		};
		095255741E0AC97800A4229B /* Release */ = {
			isa = XCBuildConfiguration;
			buildSettings = {
				ALWAYS_SEARCH_USER_PATHS = NO;
				CLANG_ANALYZER_NONNULL = YES;
				CLANG_CXX_LANGUAGE_STANDARD = "gnu++0x";
				CLANG_CXX_LIBRARY = "libc++";
				CLANG_ENABLE_MODULES = YES;
				CLANG_ENABLE_OBJC_ARC = YES;
				CLANG_WARN_BOOL_CONVERSION = YES;
				CLANG_WARN_CONSTANT_CONVERSION = YES;
				CLANG_WARN_DIRECT_OBJC_ISA_USAGE = YES_ERROR;
				CLANG_WARN_EMPTY_BODY = YES;
				CLANG_WARN_ENUM_CONVERSION = YES;
				CLANG_WARN_INT_CONVERSION = YES;
				CLANG_WARN_OBJC_ROOT_CLASS = YES_ERROR;
				CLANG_WARN_UNREACHABLE_CODE = YES;
				CLANG_WARN__DUPLICATE_METHOD_MATCH = YES;
				CODE_SIGN_IDENTITY = "-";
				COPY_PHASE_STRIP = NO;
				DEBUG_INFORMATION_FORMAT = "dwarf-with-dsym";
				ENABLE_NS_ASSERTIONS = NO;
				ENABLE_STRICT_OBJC_MSGSEND = YES;
				GCC_C_LANGUAGE_STANDARD = gnu99;
				GCC_NO_COMMON_BLOCKS = YES;
				GCC_WARN_64_TO_32_BIT_CONVERSION = YES;
				GCC_WARN_ABOUT_RETURN_TYPE = YES_ERROR;
				GCC_WARN_UNDECLARED_SELECTOR = YES;
				GCC_WARN_UNINITIALIZED_AUTOS = YES_AGGRESSIVE;
				GCC_WARN_UNUSED_FUNCTION = YES;
				GCC_WARN_UNUSED_VARIABLE = YES;
				MACOSX_DEPLOYMENT_TARGET = 10.11;
				MTL_ENABLE_DEBUG_INFO = NO;
				SDKROOT = macosx;
			};
			name = Release;
		};
		095255761E0AC97800A4229B /* Debug */ = {
			isa = XCBuildConfiguration;
			buildSettings = {
				HEADER_SEARCH_PATHS = (
					/usr/local/include,
					/opt/local/include,
				);
				LIBRARY_SEARCH_PATHS = (
					"$(inherited)",
					/usr/local/Cellar/glew/2.0.0/lib,
					/usr/local/Cellar/glfw3/3.2.1/lib,
					/opt/local/lib,
					/usr/local/Cellar/assimp/3.3.1/lib,
				);
				PRODUCT_NAME = "$(TARGET_NAME)";
			};
			name = Debug;
		};
		095255771E0AC97800A4229B /* Release */ = {
			isa = XCBuildConfiguration;
			buildSettings = {
				HEADER_SEARCH_PATHS = (
					/usr/local/include,
					/opt/local/include,
				);
				LIBRARY_SEARCH_PATHS = (
					"$(inherited)",
					/usr/local/Cellar/glew/2.0.0/lib,
					/usr/local/Cellar/glfw3/3.2.1/lib,
					/opt/local/lib,
					/usr/local/Cellar/assimp/3.3.1/lib,
				);
				PRODUCT_NAME = "$(TARGET_NAME)";
			};
			name = Release;
		};
/* End XCBuildConfiguration section */

/* Begin XCConfigurationList section */
		095255691E0AC97800A4229B /* Build configuration list for PBXProject "TutorialInstancing" */ = {
			isa = XCConfigurationList;
			buildConfigurations = (
				095255731E0AC97800A4229B /* Debug */,
				095255741E0AC97800A4229B /* Release */,
			);
			defaultConfigurationIsVisible = 0;
			defaultConfigurationName = Release;
		};
		095255751E0AC97800A4229B /* Build configuration list for PBXNativeTarget "TutorialInstancing" */ = {
			isa = XCConfigurationList;
			buildConfigurations = (
				095255761E0AC97800A4229B /* Debug */,
				095255771E0AC97800A4229B /* Release */,
			);
			defaultConfigurationIsVisible = 0;
			defaultConfigurationName = Release;
		};
/* End XCConfigurationList section */
	};
	rootObject = 095255661E0AC97800A4229B /* Project object */;
}
