// !$*UTF8*$!
{
	archiveVersion = 1;
	classes = {
	};
	objectVersion = 46;
	objects = {

/* Begin PBXBuildFile section */
		09E936C71E128ED600E0C053 /* main.cpp in Sources */ = {isa = PBXBuildFile; fileRef = 09E936C61E128ED600E0C053 /* main.cpp */; };
		09E936CE1E128FB100E0C053 /* libGLEW.2.0.0.dylib in Frameworks */ = {isa = PBXBuildFile; fileRef = 09E936CD1E128FB100E0C053 /* libGLEW.2.0.0.dylib */; };
		09E936D01E128FBB00E0C053 /* libglfw3.3.2.dylib in Frameworks */ = {isa = PBXBuildFile; fileRef = 09E936CF1E128FBB00E0C053 /* libglfw3.3.2.dylib */; };
		09E936D21E128FCE00E0C053 /* libfreetype.6.dylib in Frameworks */ = {isa = PBXBuildFile; fileRef = 09E936D11E128FCE00E0C053 /* libfreetype.6.dylib */; };
		09E936D41E12915C00E0C053 /* OpenGL.framework in Frameworks */ = {isa = PBXBuildFile; fileRef = 09E936D31E12915C00E0C053 /* OpenGL.framework */; };
/* End PBXBuildFile section */

/* Begin PBXCopyFilesBuildPhase section */
		09E936C11E128ED600E0C053 /* CopyFiles */ = {
			isa = PBXCopyFilesBuildPhase;
			buildActionMask = 2147483647;
			dstPath = /usr/share/man/man1/;
			dstSubfolderSpec = 0;
			files = (
			);
			runOnlyForDeploymentPostprocessing = 1;
		};
/* End PBXCopyFilesBuildPhase section */

/* Begin PBXFileReference section */
		09E936C31E128ED600E0C053 /* TutorialTextRendering */ = {isa = PBXFileReference; explicitFileType = "compiled.mach-o.executable"; includeInIndex = 0; path = TutorialTextRendering; sourceTree = BUILT_PRODUCTS_DIR; };
		09E936C61E128ED600E0C053 /* main.cpp */ = {isa = PBXFileReference; lastKnownFileType = sourcecode.cpp.cpp; path = main.cpp; sourceTree = "<group>"; };
		09E936CD1E128FB100E0C053 /* libGLEW.2.0.0.dylib */ = {isa = PBXFileReference; lastKnownFileType = "compiled.mach-o.dylib"; name = libGLEW.2.0.0.dylib; path = ../../../../../../usr/local/Cellar/glew/2.0.0/lib/libGLEW.2.0.0.dylib; sourceTree = "<group>"; };
		09E936CF1E128FBB00E0C053 /* libglfw3.3.2.dylib */ = {isa = PBXFileReference; lastKnownFileType = "compiled.mach-o.dylib"; name = libglfw3.3.2.dylib; path = ../../../../../../usr/local/Cellar/glfw3/3.2.1/lib/libglfw3.3.2.dylib; sourceTree = "<group>"; };
		09E936D11E128FCE00E0C053 /* libfreetype.6.dylib */ = {isa = PBXFileReference; lastKnownFileType = "compiled.mach-o.dylib"; name = libfreetype.6.dylib; path = ../../../../../../usr/local/Cellar/freetype/2.7/lib/libfreetype.6.dylib; sourceTree = "<group>"; };
		09E936D31E12915C00E0C053 /* OpenGL.framework */ = {isa = PBXFileReference; lastKnownFileType = wrapper.framework; name = OpenGL.framework; path = System/Library/Frameworks/OpenGL.framework; sourceTree = SDKROOT; };
/* End PBXFileReference section */

/* Begin PBXFrameworksBuildPhase section */
		09E936C01E128ED600E0C053 /* Frameworks */ = {
			isa = PBXFrameworksBuildPhase;
			buildActionMask = 2147483647;
			files = (
				09E936D41E12915C00E0C053 /* OpenGL.framework in Frameworks */,
				09E936D21E128FCE00E0C053 /* libfreetype.6.dylib in Frameworks */,
				09E936D01E128FBB00E0C053 /* libglfw3.3.2.dylib in Frameworks */,
				09E936CE1E128FB100E0C053 /* libGLEW.2.0.0.dylib in Frameworks */,
			);
			runOnlyForDeploymentPostprocessing = 0;
		};
/* End PBXFrameworksBuildPhase section */

/* Begin PBXGroup section */
		09E936BA1E128ED600E0C053 = {
			isa = PBXGroup;
			children = (
				09E936D31E12915C00E0C053 /* OpenGL.framework */,
				09E936D11E128FCE00E0C053 /* libfreetype.6.dylib */,
				09E936CF1E128FBB00E0C053 /* libglfw3.3.2.dylib */,
				09E936CD1E128FB100E0C053 /* libGLEW.2.0.0.dylib */,
				09E936C51E128ED600E0C053 /* TutorialTextRendering */,
				09E936C41E128ED600E0C053 /* Products */,
			);
			sourceTree = "<group>";
		};
		09E936C41E128ED600E0C053 /* Products */ = {
			isa = PBXGroup;
			children = (
				09E936C31E128ED600E0C053 /* TutorialTextRendering */,
			);
			name = Products;
			sourceTree = "<group>";
		};
		09E936C51E128ED600E0C053 /* TutorialTextRendering */ = {
			isa = PBXGroup;
			children = (
				09E936C61E128ED600E0C053 /* main.cpp */,
			);
			path = TutorialTextRendering;
			sourceTree = "<group>";
		};
/* End PBXGroup section */

/* Begin PBXNativeTarget section */
		09E936C21E128ED600E0C053 /* TutorialTextRendering */ = {
			isa = PBXNativeTarget;
			buildConfigurationList = 09E936CA1E128ED600E0C053 /* Build configuration list for PBXNativeTarget "TutorialTextRendering" */;
			buildPhases = (
				09E936BF1E128ED600E0C053 /* Sources */,
				09E936C01E128ED600E0C053 /* Frameworks */,
				09E936C11E128ED600E0C053 /* CopyFiles */,
			);
			buildRules = (
			);
			dependencies = (
			);
			name = TutorialTextRendering;
			productName = TutorialTextRendering;
			productReference = 09E936C31E128ED600E0C053 /* TutorialTextRendering */;
			productType = "com.apple.product-type.tool";
		};
/* End PBXNativeTarget section */

/* Begin PBXProject section */
		09E936BB1E128ED600E0C053 /* Project object */ = {
			isa = PBXProject;
			attributes = {
				LastUpgradeCheck = 0730;
				ORGANIZATIONNAME = "梅宇宸";
				TargetAttributes = {
					09E936C21E128ED600E0C053 = {
						CreatedOnToolsVersion = 7.3.1;
					};
				};
			};
			buildConfigurationList = 09E936BE1E128ED600E0C053 /* Build configuration list for PBXProject "TutorialTextRendering" */;
			compatibilityVersion = "Xcode 3.2";
			developmentRegion = English;
			hasScannedForEncodings = 0;
			knownRegions = (
				en,
			);
			mainGroup = 09E936BA1E128ED600E0C053;
			productRefGroup = 09E936C41E128ED600E0C053 /* Products */;
			projectDirPath = "";
			projectRoot = "";
			targets = (
				09E936C21E128ED600E0C053 /* TutorialTextRendering */,
			);
		};
/* End PBXProject section */

/* Begin PBXSourcesBuildPhase section */
		09E936BF1E128ED600E0C053 /* Sources */ = {
			isa = PBXSourcesBuildPhase;
			buildActionMask = 2147483647;
			files = (
				09E936C71E128ED600E0C053 /* main.cpp in Sources */,
			);
			runOnlyForDeploymentPostprocessing = 0;
		};
/* End PBXSourcesBuildPhase section */

/* Begin XCBuildConfiguration section */
		09E936C81E128ED600E0C053 /* Debug */ = {
			isa = XCBuildConfiguration;
			buildSettings = {
				ALWAYS_SEARCH_USER_PATHS = NO;
				CLANG_ANALYZER_NONNULL = YES;
				CLANG_CXX_LANGUAGE_STANDARD = "gnu++0x";
				CLANG_CXX_LIBRARY = "libc++";
				CLANG_ENABLE_MODULES = YES;
				CLANG_ENABLE_OBJC_ARC = YES;
				CLANG_WARN_BOOL_CONVERSION = YES;
				CLANG_WARN_CONSTANT_CONVERSION = YES;
				CLANG_WARN_DIRECT_OBJC_ISA_USAGE = YES_ERROR;
				CLANG_WARN_EMPTY_BODY = YES;
				CLANG_WARN_ENUM_CONVERSION = YES;
				CLANG_WARN_INT_CONVERSION = YES;
				CLANG_WARN_OBJC_ROOT_CLASS = YES_ERROR;
				CLANG_WARN_UNREACHABLE_CODE = YES;
				CLANG_WARN__DUPLICATE_METHOD_MATCH = YES;
				CODE_SIGN_IDENTITY = "-";
				COPY_PHASE_STRIP = NO;
				DEBUG_INFORMATION_FORMAT = dwarf;
				ENABLE_STRICT_OBJC_MSGSEND = YES;
				ENABLE_TESTABILITY = YES;
				GCC_C_LANGUAGE_STANDARD = gnu99;
				GCC_DYNAMIC_NO_PIC = NO;
				GCC_NO_COMMON_BLOCKS = YES;
				GCC_OPTIMIZATION_LEVEL = 0;
				GCC_PREPROCESSOR_DEFINITIONS = (
					"DEBUG=1",
					"$(inherited)",
				);
				GCC_WARN_64_TO_32_BIT_CONVERSION = YES;
				GCC_WARN_ABOUT_RETURN_TYPE = YES_ERROR;
				GCC_WARN_UNDECLARED_SELECTOR = YES;
				GCC_WARN_UNINITIALIZED_AUTOS = YES_AGGRESSIVE;
				GCC_WARN_UNUSED_FUNCTION = YES;
				GCC_WARN_UNUSED_VARIABLE = YES;
				MACOSX_DEPLOYMENT_TARGET = 10.11;
				MTL_ENABLE_DEBUG_INFO = YES;
				ONLY_ACTIVE_ARCH = YES;
				SDKROOT = macosx;
			};
			name = Debug;
		};
		09E936C91E128ED600E0C053 /* Release */ = {
			isa = XCBuildConfiguration;
			buildSettings = {
				ALWAYS_SEARCH_USER_PATHS = NO;
				CLANG_ANALYZER_NONNULL = YES;
				CLANG_CXX_LANGUAGE_STANDARD = "gnu++0x";
				CLANG_CXX_LIBRARY = "libc++";
				CLANG_ENABLE_MODULES = YES;
				CLANG_ENABLE_OBJC_ARC = YES;
				CLANG_WARN_BOOL_CONVERSION = YES;
				CLANG_WARN_CONSTANT_CONVERSION = YES;
				CLANG_WARN_DIRECT_OBJC_ISA_USAGE = YES_ERROR;
				CLANG_WARN_EMPTY_BODY = YES;
				CLANG_WARN_ENUM_CONVERSION = YES;
				CLANG_WARN_INT_CONVERSION = YES;
				CLANG_WARN_OBJC_ROOT_CLASS = YES_ERROR;
				CLANG_WARN_UNREACHABLE_CODE = YES;
				CLANG_WARN__DUPLICATE_METHOD_MATCH = YES;
				CODE_SIGN_IDENTITY = "-";
				COPY_PHASE_STRIP = NO;
				DEBUG_INFORMATION_FORMAT = "dwarf-with-dsym";
				ENABLE_NS_ASSERTIONS = NO;
				ENABLE_STRICT_OBJC_MSGSEND = YES;
				GCC_C_LANGUAGE_STANDARD = gnu99;
				GCC_NO_COMMON_BLOCKS = YES;
				GCC_WARN_64_TO_32_BIT_CONVERSION = YES;
				GCC_WARN_ABOUT_RETURN_TYPE = YES_ERROR;
				GCC_WARN_UNDECLARED_SELECTOR = YES;
				GCC_WARN_UNINITIALIZED_AUTOS = YES_AGGRESSIVE;
				GCC_WARN_UNUSED_FUNCTION = YES;
				GCC_WARN_UNUSED_VARIABLE = YES;
				MACOSX_DEPLOYMENT_TARGET = 10.11;
				MTL_ENABLE_DEBUG_INFO = NO;
				SDKROOT = macosx;
			};
			name = Release;
		};
		09E936CB1E128ED600E0C053 /* Debug */ = {
			isa = XCBuildConfiguration;
			buildSettings = {
				HEADER_SEARCH_PATHS = (
					/usr/local/include,
					/usr/local/include/freetype2,
				);
				LIBRARY_SEARCH_PATHS = (
					"$(inherited)",
					/usr/local/Cellar/glew/2.0.0/lib,
					/usr/local/Cellar/glfw3/3.2.1/lib,
					/usr/local/Cellar/freetype/2.7/lib,
				);
				PRODUCT_NAME = "$(TARGET_NAME)";
			};
			name = Debug;
		};
		09E936CC1E128ED600E0C053 /* Release */ = {
			isa = XCBuildConfiguration;
			buildSettings = {
				HEADER_SEARCH_PATHS = (
					/usr/local/include,
					/usr/local/include/freetype2,
				);
				LIBRARY_SEARCH_PATHS = (
					"$(inherited)",
					/usr/local/Cellar/glew/2.0.0/lib,
					/usr/local/Cellar/glfw3/3.2.1/lib,
					/usr/local/Cellar/freetype/2.7/lib,
				);
				PRODUCT_NAME = "$(TARGET_NAME)";
			};
			name = Release;
		};
/* End XCBuildConfiguration section */

/* Begin XCConfigurationList section */
		09E936BE1E128ED600E0C053 /* Build configuration list for PBXProject "TutorialTextRendering" */ = {
			isa = XCConfigurationList;
			buildConfigurations = (
				09E936C81E128ED600E0C053 /* Debug */,
				09E936C91E128ED600E0C053 /* Release */,
			);
			defaultConfigurationIsVisible = 0;
			defaultConfigurationName = Release;
		};
		09E936CA1E128ED600E0C053 /* Build configuration list for PBXNativeTarget "TutorialTextRendering" */ = {
			isa = XCConfigurationList;
			buildConfigurations = (
				09E936CB1E128ED600E0C053 /* Debug */,
				09E936CC1E128ED600E0C053 /* Release */,
			);
			defaultConfigurationIsVisible = 0;
		};
/* End XCConfigurationList section */
	};
	rootObject = 09E936BB1E128ED600E0C053 /* Project object */;
}
