// !$*UTF8*$!
{
	archiveVersion = 1;
	classes = {
	};
	objectVersion = 46;
	objects = {

/* Begin PBXBuildFile section */
		09FDE33B1E0998B300CBFA0D /* main.cpp in Sources */ = {isa = PBXBuildFile; fileRef = 09FDE33A1E0998B300CBFA0D /* main.cpp */; };
		09FDE3421E0999DB00CBFA0D /* OpenGL.framework in Frameworks */ = {isa = PBXBuildFile; fileRef = 09FDE3411E0999DB00CBFA0D /* OpenGL.framework */; };
		09FDE3441E0999F500CBFA0D /* libGLEW.2.0.0.dylib in Frameworks */ = {isa = PBXBuildFile; fileRef = 09FDE3431E0999F500CBFA0D /* libGLEW.2.0.0.dylib */; };
		09FDE3461E0999FF00CBFA0D /* libglfw3.3.2.dylib in Frameworks */ = {isa = PBXBuildFile; fileRef = 09FDE3451E0999FF00CBFA0D /* libglfw3.3.2.dylib */; };
		09FDE3481E099A1400CBFA0D /* libSOIL.dylib in Frameworks */ = {isa = PBXBuildFile; fileRef = 09FDE3471E099A1400CBFA0D /* libSOIL.dylib */; };
/* End PBXBuildFile section */

/* Begin PBXCopyFilesBuildPhase section */
		09FDE3351E0998B300CBFA0D /* CopyFiles */ = {
			isa = PBXCopyFilesBuildPhase;
			buildActionMask = 2147483647;
			dstPath = /usr/share/man/man1/;
			dstSubfolderSpec = 0;
			files = (
			);
			runOnlyForDeploymentPostprocessing = 1;
		};
/* End PBXCopyFilesBuildPhase section */

/* Begin PBXFileReference section */
		09FDE3371E0998B300CBFA0D /* TutorialAdvancedGLSL */ = {isa = PBXFileReference; explicitFileType = "compiled.mach-o.executable"; includeInIndex = 0; path = TutorialAdvancedGLSL; sourceTree = BUILT_PRODUCTS_DIR; };
		09FDE33A1E0998B300CBFA0D /* main.cpp */ = {isa = PBXFileReference; lastKnownFileType = sourcecode.cpp.cpp; path = main.cpp; sourceTree = "<group>"; };
		09FDE3411E0999DB00CBFA0D /* OpenGL.framework */ = {isa = PBXFileReference; lastKnownFileType = wrapper.framework; name = OpenGL.framework; path = System/Library/Frameworks/OpenGL.framework; sourceTree = SDKROOT; };
		09FDE3431E0999F500CBFA0D /* libGLEW.2.0.0.dylib */ = {isa = PBXFileReference; lastKnownFileType = "compiled.mach-o.dylib"; name = libGLEW.2.0.0.dylib; path = ../../../../../../usr/local/Cellar/glew/2.0.0/lib/libGLEW.2.0.0.dylib; sourceTree = "<group>"; };
		09FDE3451E0999FF00CBFA0D /* libglfw3.3.2.dylib */ = {isa = PBXFileReference; lastKnownFileType = "compiled.mach-o.dylib"; name = libglfw3.3.2.dylib; path = ../../../../../../usr/local/Cellar/glfw3/3.2.1/lib/libglfw3.3.2.dylib; sourceTree = "<group>"; };
		09FDE3471E099A1400CBFA0D /* libSOIL.dylib */ = {isa = PBXFileReference; lastKnownFileType = "compiled.mach-o.dylib"; name = libSOIL.dylib; path = ../../../../../../opt/local/lib/libSOIL.dylib; sourceTree = "<group>"; };
/* End PBXFileReference section */

/* Begin PBXFrameworksBuildPhase section */
		09FDE3341E0998B300CBFA0D /* Frameworks */ = {
			isa = PBXFrameworksBuildPhase;
			buildActionMask = 2147483647;
			files = (
				09FDE3481E099A1400CBFA0D /* libSOIL.dylib in Frameworks */,
				09FDE3461E0999FF00CBFA0D /* libglfw3.3.2.dylib in Frameworks */,
				09FDE3441E0999F500CBFA0D /* libGLEW.2.0.0.dylib in Frameworks */,
				09FDE3421E0999DB00CBFA0D /* OpenGL.framework in Frameworks */,
			);
			runOnlyForDeploymentPostprocessing = 0;
		};
/* End PBXFrameworksBuildPhase section */

/* Begin PBXGroup section */
		09FDE32E1E0998B300CBFA0D = {
			isa = PBXGroup;
			children = (
				09FDE3471E099A1400CBFA0D /* libSOIL.dylib */,
				09FDE3451E0999FF00CBFA0D /* libglfw3.3.2.dylib */,
				09FDE3431E0999F500CBFA0D /* libGLEW.2.0.0.dylib */,
				09FDE3411E0999DB00CBFA0D /* OpenGL.framework */,
				09FDE3391E0998B300CBFA0D /* TutorialAdvancedGLSL */,
				09FDE3381E0998B300CBFA0D /* Products */,
			);
			sourceTree = "<group>";
		};
		09FDE3381E0998B300CBFA0D /* Products */ = {
			isa = PBXGroup;
			children = (
				09FDE3371E0998B300CBFA0D /* TutorialAdvancedGLSL */,
			);
			name = Products;
			sourceTree = "<group>";
		};
		09FDE3391E0998B300CBFA0D /* TutorialAdvancedGLSL */ = {
			isa = PBXGroup;
			children = (
				09FDE33A1E0998B300CBFA0D /* main.cpp */,
			);
			path = TutorialAdvancedGLSL;
			sourceTree = "<group>";
		};
/* End PBXGroup section */

/* Begin PBXNativeTarget section */
		09FDE3361E0998B300CBFA0D /* TutorialAdvancedGLSL */ = {
			isa = PBXNativeTarget;
			buildConfigurationList = 09FDE33E1E0998B300CBFA0D /* Build configuration list for PBXNativeTarget "TutorialAdvancedGLSL" */;
			buildPhases = (
				09FDE3331E0998B300CBFA0D /* Sources */,
				09FDE3341E0998B300CBFA0D /* Frameworks */,
				09FDE3351E0998B300CBFA0D /* CopyFiles */,
			);
			buildRules = (
			);
			dependencies = (
			);
			name = TutorialAdvancedGLSL;
			productName = TutorialAdvancedGLSL;
			productReference = 09FDE3371E0998B300CBFA0D /* TutorialAdvancedGLSL */;
			productType = "com.apple.product-type.tool";
		};
/* End PBXNativeTarget section */

/* Begin PBXProject section */
		09FDE32F1E0998B300CBFA0D /* Project object */ = {
			isa = PBXProject;
			attributes = {
				LastUpgradeCheck = 0730;
				ORGANIZATIONNAME = "梅宇宸";
				TargetAttributes = {
					09FDE3361E0998B300CBFA0D = {
						CreatedOnToolsVersion = 7.3.1;
					};
				};
			};
			buildConfigurationList = 09FDE3321E0998B300CBFA0D /* Build configuration list for PBXProject "TutorialAdvancedGLSL" */;
			compatibilityVersion = "Xcode 3.2";
			developmentRegion = English;
			hasScannedForEncodings = 0;
			knownRegions = (
				en,
			);
			mainGroup = 09FDE32E1E0998B300CBFA0D;
			productRefGroup = 09FDE3381E0998B300CBFA0D /* Products */;
			projectDirPath = "";
			projectRoot = "";
			targets = (
				09FDE3361E0998B300CBFA0D /* TutorialAdvancedGLSL */,
			);
		};
/* End PBXProject section */

/* Begin PBXSourcesBuildPhase section */
		09FDE3331E0998B300CBFA0D /* Sources */ = {
			isa = PBXSourcesBuildPhase;
			buildActionMask = 2147483647;
			files = (
				09FDE33B1E0998B300CBFA0D /* main.cpp in Sources */,
			);
			runOnlyForDeploymentPostprocessing = 0;
		};
/* End PBXSourcesBuildPhase section */

/* Begin XCBuildConfiguration section */
		09FDE33C1E0998B300CBFA0D /* Debug */ = {
			isa = XCBuildConfiguration;
			buildSettings = {
				ALWAYS_SEARCH_USER_PATHS = NO;
				CLANG_ANALYZER_NONNULL = YES;
				CLANG_CXX_LANGUAGE_STANDARD = "gnu++0x";
				CLANG_CXX_LIBRARY = "libc++";
				CLANG_ENABLE_MODULES = YES;
				CLANG_ENABLE_OBJC_ARC = YES;
				CLANG_WARN_BOOL_CONVERSION = YES;
				CLANG_WARN_CONSTANT_CONVERSION = YES;
				CLANG_WARN_DIRECT_OBJC_ISA_USAGE = YES_ERROR;
				CLANG_WARN_EMPTY_BODY = YES;
				CLANG_WARN_ENUM_CONVERSION = YES;
				CLANG_WARN_INT_CONVERSION = YES;
				CLANG_WARN_OBJC_ROOT_CLASS = YES_ERROR;
				CLANG_WARN_UNREACHABLE_CODE = YES;
				CLANG_WARN__DUPLICATE_METHOD_MATCH = YES;
				CODE_SIGN_IDENTITY = "-";
				COPY_PHASE_STRIP = NO;
				DEBUG_INFORMATION_FORMAT = dwarf;
				ENABLE_STRICT_OBJC_MSGSEND = YES;
				ENABLE_TESTABILITY = YES;
				GCC_C_LANGUAGE_STANDARD = gnu99;
				GCC_DYNAMIC_NO_PIC = NO;
				GCC_NO_COMMON_BLOCKS = YES;
				GCC_OPTIMIZATION_LEVEL = 0;
				GCC_PREPROCESSOR_DEFINITIONS = (
					"DEBUG=1",
					"$(inherited)",
				);
				GCC_WARN_64_TO_32_BIT_CONVERSION = YES;
				GCC_WARN_ABOUT_RETURN_TYPE = YES_ERROR;
				GCC_WARN_UNDECLARED_SELECTOR = YES;
				GCC_WARN_UNINITIALIZED_AUTOS = YES_AGGRESSIVE;
				GCC_WARN_UNUSED_FUNCTION = YES;
				GCC_WARN_UNUSED_VARIABLE = YES;
				MACOSX_DEPLOYMENT_TARGET = 10.11;
				MTL_ENABLE_DEBUG_INFO = YES;
				ONLY_ACTIVE_ARCH = YES;
				SDKROOT = macosx;
			};
			name = Debug;
		};
		09FDE33D1E0998B300CBFA0D /* Release */ = {
			isa = XCBuildConfiguration;
			buildSettings = {
				ALWAYS_SEARCH_USER_PATHS = NO;
				CLANG_ANALYZER_NONNULL = YES;
				CLANG_CXX_LANGUAGE_STANDARD = "gnu++0x";
				CLANG_CXX_LIBRARY = "libc++";
				CLANG_ENABLE_MODULES = YES;
				CLANG_ENABLE_OBJC_ARC = YES;
				CLANG_WARN_BOOL_CONVERSION = YES;
				CLANG_WARN_CONSTANT_CONVERSION = YES;
				CLANG_WARN_DIRECT_OBJC_ISA_USAGE = YES_ERROR;
				CLANG_WARN_EMPTY_BODY = YES;
				CLANG_WARN_ENUM_CONVERSION = YES;
				CLANG_WARN_INT_CONVERSION = YES;
				CLANG_WARN_OBJC_ROOT_CLASS = YES_ERROR;
				CLANG_WARN_UNREACHABLE_CODE = YES;
				CLANG_WARN__DUPLICATE_METHOD_MATCH = YES;
				CODE_SIGN_IDENTITY = "-";
				COPY_PHASE_STRIP = NO;
				DEBUG_INFORMATION_FORMAT = "dwarf-with-dsym";
				ENABLE_NS_ASSERTIONS = NO;
				ENABLE_STRICT_OBJC_MSGSEND = YES;
				GCC_C_LANGUAGE_STANDARD = gnu99;
				GCC_NO_COMMON_BLOCKS = YES;
				GCC_WARN_64_TO_32_BIT_CONVERSION = YES;
				GCC_WARN_ABOUT_RETURN_TYPE = YES_ERROR;
				GCC_WARN_UNDECLARED_SELECTOR = YES;
				GCC_WARN_UNINITIALIZED_AUTOS = YES_AGGRESSIVE;
				GCC_WARN_UNUSED_FUNCTION = YES;
				GCC_WARN_UNUSED_VARIABLE = YES;
				MACOSX_DEPLOYMENT_TARGET = 10.11;
				MTL_ENABLE_DEBUG_INFO = NO;
				SDKROOT = macosx;
			};
			name = Release;
		};
		09FDE33F1E0998B300CBFA0D /* Debug */ = {
			isa = XCBuildConfiguration;
			buildSettings = {
				HEADER_SEARCH_PATHS = (
					/usr/local/include,
					/opt/local/include,
				);
				LIBRARY_SEARCH_PATHS = (
					"$(inherited)",
					/usr/local/Cellar/glew/2.0.0/lib,
					/usr/local/Cellar/glfw3/3.2.1/lib,
					/opt/local/lib,
				);
				PRODUCT_NAME = "$(TARGET_NAME)";
			};
			name = Debug;
		};
		09FDE3401E0998B300CBFA0D /* Release */ = {
			isa = XCBuildConfiguration;
			buildSettings = {
				HEADER_SEARCH_PATHS = (
					/usr/local/include,
					/opt/local/include,
				);
				LIBRARY_SEARCH_PATHS = (
					"$(inherited)",
					/usr/local/Cellar/glew/2.0.0/lib,
					/usr/local/Cellar/glfw3/3.2.1/lib,
					/opt/local/lib,
				);
				PRODUCT_NAME = "$(TARGET_NAME)";
			};
			name = Release;
		};
/* End XCBuildConfiguration section */

/* Begin XCConfigurationList section */
		09FDE3321E0998B300CBFA0D /* Build configuration list for PBXProject "TutorialAdvancedGLSL" */ = {
			isa = XCConfigurationList;
			buildConfigurations = (
				09FDE33C1E0998B300CBFA0D /* Debug */,
				09FDE33D1E0998B300CBFA0D /* Release */,
			);
			defaultConfigurationIsVisible = 0;
			defaultConfigurationName = Release;
		};
		09FDE33E1E0998B300CBFA0D /* Build configuration list for PBXNativeTarget "TutorialAdvancedGLSL" */ = {
			isa = XCConfigurationList;
			buildConfigurations = (
				09FDE33F1E0998B300CBFA0D /* Debug */,
				09FDE3401E0998B300CBFA0D /* Release */,
			);
			defaultConfigurationIsVisible = 0;
		};
/* End XCConfigurationList section */
	};
	rootObject = 09FDE32F1E0998B300CBFA0D /* Project object */;
}
